// !$*UTF8*$!
{
	archiveVersion = 1;
	classes = {
	};
	objectVersion = 77;
	objects = {

/* Begin PBXContainerItemProxy section */
		C251FF7D2E547D0100691E20 /* PBXContainerItemProxy */ = {
			isa = PBXContainerItemProxy;
			containerPortal = C251FF642E547CFF00691E20 /* Project object */;
			proxyType = 1;
			remoteGlobalIDString = C251FF6B2E547CFF00691E20;
			remoteInfo = WhiteChristmases;
		};
		C251FF872E547D0100691E20 /* PBXContainerItemProxy */ = {
			isa = PBXContainerItemProxy;
			containerPortal = C251FF642E547CFF00691E20 /* Project object */;
			proxyType = 1;
			remoteGlobalIDString = C251FF6B2E547CFF00691E20;
			remoteInfo = WhiteChristmases;
		};
/* End PBXContainerItemProxy section */

/* Begin PBXFileReference section */
		C251FF6C2E547CFF00691E20 /* WhiteChristmases.app */ = {isa = PBXFileReference; explicitFileType = wrapper.application; includeInIndex = 0; path = WhiteChristmases.app; sourceTree = BUILT_PRODUCTS_DIR; };
		C251FF7C2E547D0100691E20 /* WhiteChristmasesTests.xctest */ = {isa = PBXFileReference; explicitFileType = wrapper.cfbundle; includeInIndex = 0; path = WhiteChristmasesTests.xctest; sourceTree = BUILT_PRODUCTS_DIR; };
		C251FF862E547D0100691E20 /* WhiteChristmasesUITests.xctest */ = {isa = PBXFileReference; explicitFileType = wrapper.cfbundle; includeInIndex = 0; path = WhiteChristmasesUITests.xctest; sourceTree = BUILT_PRODUCTS_DIR; };
/* End PBXFileReference section */

/* Begin PBXFileSystemSynchronizedRootGroup section */
		C251FF6E2E547CFF00691E20 /* WhiteChristmases */ = {
			isa = PBXFileSystemSynchronizedRootGroup;
			path = WhiteChristmases;
			sourceTree = "<group>";
		};
		C251FF7F2E547D0100691E20 /* WhiteChristmasesTests */ = {
			isa = PBXFileSystemSynchronizedRootGroup;
			path = WhiteChristmasesTests;
			sourceTree = "<group>";
		};
		C251FF892E547D0100691E20 /* WhiteChristmasesUITests */ = {
			isa = PBXFileSystemSynchronizedRootGroup;
			path = WhiteChristmasesUITests;
			sourceTree = "<group>";
		};
/* End PBXFileSystemSynchronizedRootGroup section */

/* Begin PBXFrameworksBuildPhase section */
		C251FF692E547CFF00691E20 /* Frameworks */ = {
			isa = PBXFrameworksBuildPhase;
			buildActionMask = 2147483647;
			files = (
			);
			runOnlyForDeploymentPostprocessing = 0;
		};
		C251FF792E547D0100691E20 /* Frameworks */ = {
			isa = PBXFrameworksBuildPhase;
			buildActionMask = 2147483647;
			files = (
			);
			runOnlyForDeploymentPostprocessing = 0;
		};
		C251FF832E547D0100691E20 /* Frameworks */ = {
			isa = PBXFrameworksBuildPhase;
			buildActionMask = 2147483647;
			files = (
			);
			runOnlyForDeploymentPostprocessing = 0;
		};
/* End PBXFrameworksBuildPhase section */

/* Begin PBXGroup section */
		C251FF632E547CFF00691E20 = {
			isa = PBXGroup;
			children = (
				C251FF6E2E547CFF00691E20 /* WhiteChristmases */,
				C251FF7F2E547D0100691E20 /* WhiteChristmasesTests */,
				C251FF892E547D0100691E20 /* WhiteChristmasesUITests */,
				C251FF6D2E547CFF00691E20 /* Products */,
			);
			sourceTree = "<group>";
		};
		C251FF6D2E547CFF00691E20 /* Products */ = {
			isa = PBXGroup;
			children = (
				C251FF6C2E547CFF00691E20 /* WhiteChristmases.app */,
				C251FF7C2E547D0100691E20 /* WhiteChristmasesTests.xctest */,
				C251FF862E547D0100691E20 /* WhiteChristmasesUITests.xctest */,
			);
			name = Products;
			sourceTree = "<group>";
		};
/* End PBXGroup section */

/* Begin PBXNativeTarget section */
		C251FF6B2E547CFF00691E20 /* WhiteChristmases */ = {
			isa = PBXNativeTarget;
			buildConfigurationList = C251FF902E547D0100691E20 /* Build configuration list for PBXNativeTarget "WhiteChristmases" */;
			buildPhases = (
				C251FF682E547CFF00691E20 /* Sources */,
				C251FF692E547CFF00691E20 /* Frameworks */,
				C251FF6A2E547CFF00691E20 /* Resources */,
			);
			buildRules = (
			);
			dependencies = (
			);
			fileSystemSynchronizedGroups = (
				C251FF6E2E547CFF00691E20 /* WhiteChristmases */,
			);
			name = WhiteChristmases;
			packageProductDependencies = (
			);
			productName = WhiteChristmases;
			productReference = C251FF6C2E547CFF00691E20 /* WhiteChristmases.app */;
			productType = "com.apple.product-type.application";
		};
		C251FF7B2E547D0100691E20 /* WhiteChristmasesTests */ = {
			isa = PBXNativeTarget;
			buildConfigurationList = C251FF932E547D0100691E20 /* Build configuration list for PBXNativeTarget "WhiteChristmasesTests" */;
			buildPhases = (
				C251FF782E547D0100691E20 /* Sources */,
				C251FF792E547D0100691E20 /* Frameworks */,
				C251FF7A2E547D0100691E20 /* Resources */,
			);
			buildRules = (
			);
			dependencies = (
				C251FF7E2E547D0100691E20 /* PBXTargetDependency */,
			);
			fileSystemSynchronizedGroups = (
				C251FF7F2E547D0100691E20 /* WhiteChristmasesTests */,
			);
			name = WhiteChristmasesTests;
			packageProductDependencies = (
			);
			productName = WhiteChristmasesTests;
			productReference = C251FF7C2E547D0100691E20 /* WhiteChristmasesTests.xctest */;
			productType = "com.apple.product-type.bundle.unit-test";
		};
		C251FF852E547D0100691E20 /* WhiteChristmasesUITests */ = {
			isa = PBXNativeTarget;
			buildConfigurationList = C251FF962E547D0100691E20 /* Build configuration list for PBXNativeTarget "WhiteChristmasesUITests" */;
			buildPhases = (
				C251FF822E547D0100691E20 /* Sources */,
				C251FF832E547D0100691E20 /* Frameworks */,
				C251FF842E547D0100691E20 /* Resources */,
			);
			buildRules = (
			);
			dependencies = (
				C251FF882E547D0100691E20 /* PBXTargetDependency */,
			);
			fileSystemSynchronizedGroups = (
				C251FF892E547D0100691E20 /* WhiteChristmasesUITests */,
			);
			name = WhiteChristmasesUITests;
			packageProductDependencies = (
			);
			productName = WhiteChristmasesUITests;
			productReference = C251FF862E547D0100691E20 /* WhiteChristmasesUITests.xctest */;
			productType = "com.apple.product-type.bundle.ui-testing";
		};
/* End PBXNativeTarget section */

/* Begin PBXProject section */
		C251FF642E547CFF00691E20 /* Project object */ = {
			isa = PBXProject;
			attributes = {
				BuildIndependentTargetsInParallel = 1;
				LastSwiftUpdateCheck = 1600;
				LastUpgradeCheck = 1600;
				TargetAttributes = {
					C251FF6B2E547CFF00691E20 = {
						CreatedOnToolsVersion = 16.0;
					};
					C251FF7B2E547D0100691E20 = {
						CreatedOnToolsVersion = 16.0;
						TestTargetID = C251FF6B2E547CFF00691E20;
					};
					C251FF852E547D0100691E20 = {
						CreatedOnToolsVersion = 16.0;
						TestTargetID = C251FF6B2E547CFF00691E20;
					};
				};
			};
			buildConfigurationList = C251FF672E547CFF00691E20 /* Build configuration list for PBXProject "WhiteChristmases" */;
			developmentRegion = en;
			hasScannedForEncodings = 0;
			knownRegions = (
				en,
				Base,
			);
			mainGroup = C251FF632E547CFF00691E20;
			minimizedProjectReferenceProxies = 1;
			preferredProjectObjectVersion = 77;
			productRefGroup = C251FF6D2E547CFF00691E20 /* Products */;
			projectDirPath = "";
			projectRoot = "";
			targets = (
				C251FF6B2E547CFF00691E20 /* WhiteChristmases */,
				C251FF7B2E547D0100691E20 /* WhiteChristmasesTests */,
				C251FF852E547D0100691E20 /* WhiteChristmasesUITests */,
			);
		};
/* End PBXProject section */

/* Begin PBXResourcesBuildPhase section */
		C251FF6A2E547CFF00691E20 /* Resources */ = {
			isa = PBXResourcesBuildPhase;
			buildActionMask = 2147483647;
			files = (
			);
			runOnlyForDeploymentPostprocessing = 0;
		};
		C251FF7A2E547D0100691E20 /* Resources */ = {
			isa = PBXResourcesBuildPhase;
			buildActionMask = 2147483647;
			files = (
			);
			runOnlyForDeploymentPostprocessing = 0;
		};
		C251FF842E547D0100691E20 /* Resources */ = {
			isa = PBXResourcesBuildPhase;
			buildActionMask = 2147483647;
			files = (
			);
			runOnlyForDeploymentPostprocessing = 0;
		};
/* End PBXResourcesBuildPhase section */

/* Begin PBXSourcesBuildPhase section */
		C251FF682E547CFF00691E20 /* Sources */ = {
			isa = PBXSourcesBuildPhase;
			buildActionMask = 2147483647;
			files = (
			);
			runOnlyForDeploymentPostprocessing = 0;
		};
		C251FF782E547D0100691E20 /* Sources */ = {
			isa = PBXSourcesBuildPhase;
			buildActionMask = 2147483647;
			files = (
			);
			runOnlyForDeploymentPostprocessing = 0;
		};
		C251FF822E547D0100691E20 /* Sources */ = {
			isa = PBXSourcesBuildPhase;
			buildActionMask = 2147483647;
			files = (
			);
			runOnlyForDeploymentPostprocessing = 0;
		};
/* End PBXSourcesBuildPhase section */

/* Begin PBXTargetDependency section */
		C251FF7E2E547D0100691E20 /* PBXTargetDependency */ = {
			isa = PBXTargetDependency;
			target = C251FF6B2E547CFF00691E20 /* WhiteChristmases */;
			targetProxy = C251FF7D2E547D0100691E20 /* PBXContainerItemProxy */;
		};
		C251FF882E547D0100691E20 /* PBXTargetDependency */ = {
			isa = PBXTargetDependency;
			target = C251FF6B2E547CFF00691E20 /* WhiteChristmases */;
			targetProxy = C251FF872E547D0100691E20 /* PBXContainerItemProxy */;
		};
/* End PBXTargetDependency section */

/* Begin XCBuildConfiguration section */
		C251FF8E2E547D0100691E20 /* Debug */ = {
			isa = XCBuildConfiguration;
			buildSettings = {
				ALWAYS_SEARCH_USER_PATHS = NO;
				ASSETCATALOG_COMPILER_GENERATE_SWIFT_ASSET_SYMBOL_EXTENSIONS = YES;
				CLANG_ANALYZER_NONNULL = YES;
				CLANG_ANALYZER_NUMBER_OBJECT_CONVERSION = YES_AGGRESSIVE;
				CLANG_CXX_LANGUAGE_STANDARD = "gnu++20";
				CLANG_ENABLE_MODULES = YES;
				CLANG_ENABLE_OBJC_ARC = YES;
				CLANG_ENABLE_OBJC_WEAK = YES;
				CLANG_WARN_BLOCK_CAPTURE_AUTORELEASING = YES;
				CLANG_WARN_BOOL_CONVERSION = YES;
				CLANG_WARN_COMMA = YES;
				CLANG_WARN_CONSTANT_CONVERSION = YES;
				CLANG_WARN_DEPRECATED_OBJC_IMPLEMENTATIONS = YES;
				CLANG_WARN_DIRECT_OBJC_ISA_USAGE = YES_ERROR;
				CLANG_WARN_DOCUMENTATION_COMMENTS = YES;
				CLANG_WARN_EMPTY_BODY = YES;
				CLANG_WARN_ENUM_CONVERSION = YES;
				CLANG_WARN_INFINITE_RECURSION = YES;
				CLANG_WARN_INT_CONVERSION = YES;
				CLANG_WARN_NON_LITERAL_NULL_CONVERSION = YES;
				CLANG_WARN_OBJC_IMPLICIT_RETAIN_SELF = YES;
				CLANG_WARN_OBJC_LITERAL_CONVERSION = YES;
				CLANG_WARN_OBJC_ROOT_CLASS = YES_ERROR;
				CLANG_WARN_QUOTED_INCLUDE_IN_FRAMEWORK_HEADER = YES;
				CLANG_WARN_RANGE_LOOP_ANALYSIS = YES;
				CLANG_WARN_STRICT_PROTOTYPES = YES;
				CLANG_WARN_SUSPICIOUS_MOVE = YES;
				CLANG_WARN_UNGUARDED_AVAILABILITY = YES_AGGRESSIVE;
				CLANG_WARN_UNREACHABLE_CODE = YES;
				CLANG_WARN__DUPLICATE_METHOD_MATCH = YES;
				COPY_PHASE_STRIP = NO;
				DEBUG_INFORMATION_FORMAT = dwarf;
				ENABLE_STRICT_OBJC_MSGSEND = YES;
				ENABLE_TESTABILITY = YES;
				ENABLE_USER_SCRIPT_SANDBOXING = YES;
				GCC_C_LANGUAGE_STANDARD = gnu17;
				GCC_DYNAMIC_NO_PIC = NO;
				GCC_NO_COMMON_BLOCKS = YES;
				GCC_OPTIMIZATION_LEVEL = 0;
				GCC_PREPROCESSOR_DEFINITIONS = (
					"DEBUG=1",
					"$(inherited)",
				);
				GCC_WARN_64_TO_32_BIT_CONVERSION = YES;
				GCC_WARN_ABOUT_RETURN_TYPE = YES_ERROR;
				GCC_WARN_UNDECLARED_SELECTOR = YES;
				GCC_WARN_UNINITIALIZED_AUTOS = YES_AGGRESSIVE;
				GCC_WARN_UNUSED_FUNCTION = YES;
				GCC_WARN_UNUSED_VARIABLE = YES;
				IPHONEOS_DEPLOYMENT_TARGET = 18.0;
				LOCALIZATION_PREFERS_STRING_CATALOGS = YES;
				MTL_ENABLE_DEBUG_INFO = INCLUDE_SOURCE;
				MTL_FAST_MATH = YES;
				ONLY_ACTIVE_ARCH = YES;
				SDKROOT = iphoneos;
				SWIFT_ACTIVE_COMPILATION_CONDITIONS = "DEBUG $(inherited)";
				SWIFT_OPTIMIZATION_LEVEL = "-Onone";
			};
			name = Debug;
		};
		C251FF8F2E547D0100691E20 /* Release */ = {
			isa = XCBuildConfiguration;
			buildSettings = {
				ALWAYS_SEARCH_USER_PATHS = NO;
				ASSETCATALOG_COMPILER_GENERATE_SWIFT_ASSET_SYMBOL_EXTENSIONS = YES;
				CLANG_ANALYZER_NONNULL = YES;
				CLANG_ANALYZER_NUMBER_OBJECT_CONVERSION = YES_AGGRESSIVE;
				CLANG_CXX_LANGUAGE_STANDARD = "gnu++20";
				CLANG_ENABLE_MODULES = YES;
				CLANG_ENABLE_OBJC_ARC = YES;
				CLANG_ENABLE_OBJC_WEAK = YES;
				CLANG_WARN_BLOCK_CAPTURE_AUTORELEASING = YES;
				CLANG_WARN_BOOL_CONVERSION = YES;
				CLANG_WARN_COMMA = YES;
				CLANG_WARN_CONSTANT_CONVERSION = YES;
				CLANG_WARN_DEPRECATED_OBJC_IMPLEMENTATIONS = YES;
				CLANG_WARN_DIRECT_OBJC_ISA_USAGE = YES_ERROR;
				CLANG_WARN_DOCUMENTATION_COMMENTS = YES;
				CLANG_WARN_EMPTY_BODY = YES;
				CLANG_WARN_ENUM_CONVERSION = YES;
				CLANG_WARN_INFINITE_RECURSION = YES;
				CLANG_WARN_INT_CONVERSION = YES;
				CLANG_WARN_NON_LITERAL_NULL_CONVERSION = YES;
				CLANG_WARN_OBJC_IMPLICIT_RETAIN_SELF = YES;
				CLANG_WARN_OBJC_LITERAL_CONVERSION = YES;
				CLANG_WARN_OBJC_ROOT_CLASS = YES_ERROR;
				CLANG_WARN_QUOTED_INCLUDE_IN_FRAMEWORK_HEADER = YES;
				CLANG_WARN_RANGE_LOOP_ANALYSIS = YES;
				CLANG_WARN_STRICT_PROTOTYPES = YES;
				CLANG_WARN_SUSPICIOUS_MOVE = YES;
				CLANG_WARN_UNGUARDED_AVAILABILITY = YES_AGGRESSIVE;
				CLANG_WARN_UNREACHABLE_CODE = YES;
				CLANG_WARN__DUPLICATE_METHOD_MATCH = YES;
				COPY_PHASE_STRIP = NO;
				DEBUG_INFORMATION_FORMAT = "dwarf-with-dsym";
				ENABLE_NS_ASSERTIONS = NO;
				ENABLE_STRICT_OBJC_MSGSEND = YES;
				ENABLE_USER_SCRIPT_SANDBOXING = YES;
				GCC_C_LANGUAGE_STANDARD = gnu17;
				GCC_NO_COMMON_BLOCKS = YES;
				GCC_WARN_64_TO_32_BIT_CONVERSION = YES;
				GCC_WARN_ABOUT_RETURN_TYPE = YES_ERROR;
				GCC_WARN_UNDECLARED_SELECTOR = YES;
				GCC_WARN_UNINITIALIZED_AUTOS = YES_AGGRESSIVE;
				GCC_WARN_UNUSED_FUNCTION = YES;
				GCC_WARN_UNUSED_VARIABLE = YES;
				IPHONEOS_DEPLOYMENT_TARGET = 18.0;
				LOCALIZATION_PREFERS_STRING_CATALOGS = YES;
				MTL_ENABLE_DEBUG_INFO = NO;
				MTL_FAST_MATH = YES;
				SDKROOT = iphoneos;
				SWIFT_COMPILATION_MODE = wholemodule;
				VALIDATE_PRODUCT = YES;
			};
			name = Release;
		};
		C251FF912E547D0100691E20 /* Debug */ = {
			isa = XCBuildConfiguration;
			buildSettings = {
				ASSETCATALOG_COMPILER_APPICON_NAME = AppIcon;
				ASSETCATALOG_COMPILER_GLOBAL_ACCENT_COLOR_NAME = AccentColor;
				CODE_SIGN_STYLE = Automatic;
				CURRENT_PROJECT_VERSION = 1;
				DEVELOPMENT_ASSET_PATHS = "\"WhiteChristmases/Preview Content\"";
				DEVELOPMENT_TEAM = AYKDP8LH88;
				ENABLE_PREVIEWS = YES;
				GENERATE_INFOPLIST_FILE = YES;
				INFOPLIST_KEY_UIApplicationSceneManifest_Generation = YES;
				INFOPLIST_KEY_UIApplicationSupportsIndirectInputEvents = YES;
				INFOPLIST_KEY_UILaunchScreen_Generation = YES;
				INFOPLIST_KEY_UISupportedInterfaceOrientations_iPad = "UIInterfaceOrientationPortrait UIInterfaceOrientationPortraitUpsideDown UIInterfaceOrientationLandscapeLeft UIInterfaceOrientationLandscapeRight";
				INFOPLIST_KEY_UISupportedInterfaceOrientations_iPhone = "UIInterfaceOrientationPortrait UIInterfaceOrientationLandscapeLeft UIInterfaceOrientationLandscapeRight";
				LD_RUNPATH_SEARCH_PATHS = (
					"$(inherited)",
					"@executable_path/Frameworks",
				);
				MARKETING_VERSION = 1.0;
				PRODUCT_BUNDLE_IDENTIFIER = com.diana.WhiteChristmases;
				PRODUCT_NAME = "$(TARGET_NAME)";
				SWIFT_EMIT_LOC_STRINGS = YES;
				SWIFT_VERSION = 5.0;
				TARGETED_DEVICE_FAMILY = "1,2";
			};
			name = Debug;
		};
		C251FF922E547D0100691E20 /* Release */ = {
			isa = XCBuildConfiguration;
			buildSettings = {
				ASSETCATALOG_COMPILER_APPICON_NAME = AppIcon;
				ASSETCATALOG_COMPILER_GLOBAL_ACCENT_COLOR_NAME = AccentColor;
				CODE_SIGN_STYLE = Automatic;
				CURRENT_PROJECT_VERSION = 1;
				DEVELOPMENT_ASSET_PATHS = "\"WhiteChristmases/Preview Content\"";
				DEVELOPMENT_TEAM = AYKDP8LH88;
				ENABLE_PREVIEWS = YES;
				GENERATE_INFOPLIST_FILE = YES;
				INFOPLIST_KEY_UIApplicationSceneManifest_Generation = YES;
				INFOPLIST_KEY_UIApplicationSupportsIndirectInputEvents = YES;
				INFOPLIST_KEY_UILaunchScreen_Generation = YES;
				INFOPLIST_KEY_UISupportedInterfaceOrientations_iPad = "UIInterfaceOrientationPortrait UIInterfaceOrientationPortraitUpsideDown UIInterfaceOrientationLandscapeLeft UIInterfaceOrientationLandscapeRight";
				INFOPLIST_KEY_UISupportedInterfaceOrientations_iPhone = "UIInterfaceOrientationPortrait UIInterfaceOrientationLandscapeLeft UIInterfaceOrientationLandscapeRight";
				LD_RUNPATH_SEARCH_PATHS = (
					"$(inherited)",
					"@executable_path/Frameworks",
				);
				MARKETING_VERSION = 1.0;
				PRODUCT_BUNDLE_IDENTIFIER = com.diana.WhiteChristmases;
				PRODUCT_NAME = "$(TARGET_NAME)";
				SWIFT_EMIT_LOC_STRINGS = YES;
				SWIFT_VERSION = 5.0;
				TARGETED_DEVICE_FAMILY = "1,2";
			};
			name = Release;
		};
		C251FF942E547D0100691E20 /* Debug */ = {
			isa = XCBuildConfiguration;
			buildSettings = {
				BUNDLE_LOADER = "$(TEST_HOST)";
				CODE_SIGN_STYLE = Automatic;
				CURRENT_PROJECT_VERSION = 1;
				DEVELOPMENT_TEAM = AYKDP8LH88;
				GENERATE_INFOPLIST_FILE = YES;
				IPHONEOS_DEPLOYMENT_TARGET = 18.0;
				MARKETING_VERSION = 1.0;
				PRODUCT_BUNDLE_IDENTIFIER = com.diana.WhiteChristmasesTests;
				PRODUCT_NAME = "$(TARGET_NAME)";
				SWIFT_EMIT_LOC_STRINGS = NO;
				SWIFT_VERSION = 5.0;
				TARGETED_DEVICE_FAMILY = "1,2";
				TEST_HOST = "$(BUILT_PRODUCTS_DIR)/WhiteChristmases.app/$(BUNDLE_EXECUTABLE_FOLDER_PATH)/WhiteChristmases";
			};
			name = Debug;
		};
		C251FF952E547D0100691E20 /* Release */ = {
			isa = XCBuildConfiguration;
			buildSettings = {
				BUNDLE_LOADER = "$(TEST_HOST)";
				CODE_SIGN_STYLE = Automatic;
				CURRENT_PROJECT_VERSION = 1;
				DEVELOPMENT_TEAM = AYKDP8LH88;
				GENERATE_INFOPLIST_FILE = YES;
				IPHONEOS_DEPLOYMENT_TARGET = 18.0;
				MARKETING_VERSION = 1.0;
				PRODUCT_BUNDLE_IDENTIFIER = com.diana.WhiteChristmasesTests;
				PRODUCT_NAME = "$(TARGET_NAME)";
				SWIFT_EMIT_LOC_STRINGS = NO;
				SWIFT_VERSION = 5.0;
				TARGETED_DEVICE_FAMILY = "1,2";
				TEST_HOST = "$(BUILT_PRODUCTS_DIR)/WhiteChristmases.app/$(BUNDLE_EXECUTABLE_FOLDER_PATH)/WhiteChristmases";
			};
			name = Release;
		};
		C251FF972E547D0100691E20 /* Debug */ = {
			isa = XCBuildConfiguration;
			buildSettings = {
				CODE_SIGN_STYLE = Automatic;
				CURRENT_PROJECT_VERSION = 1;
				DEVELOPMENT_TEAM = AYKDP8LH88;
				GENERATE_INFOPLIST_FILE = YES;
				MARKETING_VERSION = 1.0;
				PRODUCT_BUNDLE_IDENTIFIER = com.diana.WhiteChristmasesUITests;
				PRODUCT_NAME = "$(TARGET_NAME)";
				SWIFT_EMIT_LOC_STRINGS = NO;
				SWIFT_VERSION = 5.0;
				TARGETED_DEVICE_FAMILY = "1,2";
				TEST_TARGET_NAME = WhiteChristmases;
			};
			name = Debug;
		};
		C251FF982E547D0100691E20 /* Release */ = {
			isa = XCBuildConfiguration;
			buildSettings = {
				CODE_SIGN_STYLE = Automatic;
				CURRENT_PROJECT_VERSION = 1;
				DEVELOPMENT_TEAM = AYKDP8LH88;
				GENERATE_INFOPLIST_FILE = YES;
				MARKETING_VERSION = 1.0;
				PRODUCT_BUNDLE_IDENTIFIER = com.diana.WhiteChristmasesUITests;
				PRODUCT_NAME = "$(TARGET_NAME)";
				SWIFT_EMIT_LOC_STRINGS = NO;
				SWIFT_VERSION = 5.0;
				TARGETED_DEVICE_FAMILY = "1,2";
				TEST_TARGET_NAME = WhiteChristmases;
			};
			name = Release;
		};
/* End XCBuildConfiguration section */

/* Begin XCConfigurationList section */
		C251FF672E547CFF00691E20 /* Build configuration list for PBXProject "WhiteChristmases" */ = {
			isa = XCConfigurationList;
			buildConfigurations = (
				C251FF8E2E547D0100691E20 /* Debug */,
				C251FF8F2E547D0100691E20 /* Release */,
			);
			defaultConfigurationIsVisible = 0;
			defaultConfigurationName = Release;
		};
		C251FF902E547D0100691E20 /* Build configuration list for PBXNativeTarget "WhiteChristmases" */ = {
			isa = XCConfigurationList;
			buildConfigurations = (
				C251FF912E547D0100691E20 /* Debug */,
				C251FF922E547D0100691E20 /* Release */,
			);
			defaultConfigurationIsVisible = 0;
			defaultConfigurationName = Release;
		};
		C251FF932E547D0100691E20 /* Build configuration list for PBXNativeTarget "WhiteChristmasesTests" */ = {
			isa = XCConfigurationList;
			buildConfigurations = (
				C251FF942E547D0100691E20 /* Debug */,
				C251FF952E547D0100691E20 /* Release */,
			);
			defaultConfigurationIsVisible = 0;
			defaultConfigurationName = Release;
		};
		C251FF962E547D0100691E20 /* Build configuration list for PBXNativeTarget "WhiteChristmasesUITests" */ = {
			isa = XCConfigurationList;
			buildConfigurations = (
				C251FF972E547D0100691E20 /* Debug */,
				C251FF982E547D0100691E20 /* Release */,
			);
			defaultConfigurationIsVisible = 0;
			defaultConfigurationName = Release;
		};
/* End XCConfigurationList section */
	};
	rootObject = C251FF642E547CFF00691E20 /* Project object */;
}
